
Microsoft Visual Studio Solution File, Format Version 12.00
# Visual Studio 2013
VisualStudioVersion = 12.0.21005.1
MinimumVisualStudioVersion = 10.0.40219.1
Project("{8BC9CEB8-8B4A-11D0-8D11-00A0C91BC942}") = "UDPdump", "UDPdump\UDPdump.vcxproj", "{41CDCB34-A42C-429E-8887-47C97A603827}"
EndProject
Project("{8BC9CEB8-8B4A-11D0-8D11-00A0C91BC942}") = "basic_dump", "basic_dump\basic_dump.vcxproj", "{9FF9AA1E-136D-4F1E-AF1E-54EF4E2ECFB7}"
EndProject
Project("{8BC9CEB8-8B4A-11D0-8D11-00A0C91BC942}") = "basic_dump_ex", "basic_dump_ex\basic_dump_ex.vcxproj", "{7409F30E-C456-4089-98B5-7231F75F0AEB}"
EndProject
Project("{8BC9CEB8-8B4A-11D0-8D11-00A0C91BC942}") = "iflist", "iflist\iflist.vcxproj", "{B9D000B5-9468-4212-ABAB-7328C62F3AB3}"
EndProject
Project("{8BC9CEB8-8B4A-11D0-8D11-00A0C91BC942}") = "pcap_filter", "pcap_filter\pcap_filter.vcxproj", "{CA73131B-E9D2-4675-A7D7-CAD22EFE4D83}"
EndProject
Project("{8BC9CEB8-8B4A-11D0-8D11-00A0C91BC942}") = "pktdump_ex", "pktdump_ex\pktdump_ex.vcxproj", "{73248369-5C76-4152-90DD-56693FFBB38B}"
EndProject
Project("{8BC9CEB8-8B4A-11D0-8D11-00A0C91BC942}") = "readfile", "readfile\readfile.vcxproj", "{6816689C-7C31-463E-B566-A3E65CE57BDD}"
EndProject
Project("{8BC9CEB8-8B4A-11D0-8D11-00A0C91BC942}") = "readfile_ex", "readfile_ex\readfile_ex.vcxproj", "{CD532A5E-EA3C-40DF-AA01-F644B762CF3E}"
EndProject
Project("{8BC9CEB8-8B4A-11D0-8D11-00A0C91BC942}") = "savedump", "savedump\savedump.vcxproj", "{B78F5FB2-69D3-4C28-9662-13869082DDE5}"
EndProject
Project("{8BC9CEB8-8B4A-11D0-8D11-00A0C91BC942}") = "sendpack", "sendpack\sendpack.vcxproj", "{E6724D1D-4C55-45A9-8654-DD6ACDE69147}"
EndProject
Global
	GlobalSection(SolutionConfigurationPlatforms) = preSolution
		Debug|Win32 = Debug|Win32
		Release|Win32 = Release|Win32
		Template|Win32 = Template|Win32
	EndGlobalSection
	GlobalSection(ProjectConfigurationPlatforms) = postSolution
		{41CDCB34-A42C-429E-8887-47C97A603827}.Debug|Win32.ActiveCfg = Debug|Win32
		{41CDCB34-A42C-429E-8887-47C97A603827}.Debug|Win32.Build.0 = Debug|Win32
		{41CDCB34-A42C-429E-8887-47C97A603827}.Release|Win32.ActiveCfg = Release|Win32
		{41CDCB34-A42C-429E-8887-47C97A603827}.Release|Win32.Build.0 = Release|Win32
		{41CDCB34-A42C-429E-8887-47C97A603827}.Template|Win32.ActiveCfg = Release|Win32
		{41CDCB34-A42C-429E-8887-47C97A603827}.Template|Win32.Build.0 = Release|Win32
		{9FF9AA1E-136D-4F1E-AF1E-54EF4E2ECFB7}.Debug|Win32.ActiveCfg = Debug|Win32
		{9FF9AA1E-136D-4F1E-AF1E-54EF4E2ECFB7}.Debug|Win32.Build.0 = Debug|Win32
		{9FF9AA1E-136D-4F1E-AF1E-54EF4E2ECFB7}.Release|Win32.ActiveCfg = Release|Win32
		{9FF9AA1E-136D-4F1E-AF1E-54EF4E2ECFB7}.Release|Win32.Build.0 = Release|Win32
		{9FF9AA1E-136D-4F1E-AF1E-54EF4E2ECFB7}.Template|Win32.ActiveCfg = Template|Win32
		{9FF9AA1E-136D-4F1E-AF1E-54EF4E2ECFB7}.Template|Win32.Build.0 = Template|Win32
		{7409F30E-C456-4089-98B5-7231F75F0AEB}.Debug|Win32.ActiveCfg = Debug|Win32
		{7409F30E-C456-4089-98B5-7231F75F0AEB}.Debug|Win32.Build.0 = Debug|Win32
		{7409F30E-C456-4089-98B5-7231F75F0AEB}.Release|Win32.ActiveCfg = Release|Win32
		{7409F30E-C456-4089-98B5-7231F75F0AEB}.Release|Win32.Build.0 = Release|Win32
		{7409F30E-C456-4089-98B5-7231F75F0AEB}.Template|Win32.ActiveCfg = Template|Win32
		{7409F30E-C456-4089-98B5-7231F75F0AEB}.Template|Win32.Build.0 = Template|Win32
		{B9D000B5-9468-4212-ABAB-7328C62F3AB3}.Debug|Win32.ActiveCfg = Debug|Win32
		{B9D000B5-9468-4212-ABAB-7328C62F3AB3}.Debug|Win32.Build.0 = Debug|Win32
		{B9D000B5-9468-4212-ABAB-7328C62F3AB3}.Release|Win32.ActiveCfg = Release|Win32
		{B9D000B5-9468-4212-ABAB-7328C62F3AB3}.Release|Win32.Build.0 = Release|Win32
		{B9D000B5-9468-4212-ABAB-7328C62F3AB3}.Template|Win32.ActiveCfg = Template|Win32
		{B9D000B5-9468-4212-ABAB-7328C62F3AB3}.Template|Win32.Build.0 = Template|Win32
		{CA73131B-E9D2-4675-A7D7-CAD22EFE4D83}.Debug|Win32.ActiveCfg = Debug|Win32
		{CA73131B-E9D2-4675-A7D7-CAD22EFE4D83}.Debug|Win32.Build.0 = Debug|Win32
		{CA73131B-E9D2-4675-A7D7-CAD22EFE4D83}.Release|Win32.ActiveCfg = Release|Win32
		{CA73131B-E9D2-4675-A7D7-CAD22EFE4D83}.Release|Win32.Build.0 = Release|Win32
		{CA73131B-E9D2-4675-A7D7-CAD22EFE4D83}.Template|Win32.ActiveCfg = Template|Win32
		{CA73131B-E9D2-4675-A7D7-CAD22EFE4D83}.Template|Win32.Build.0 = Template|Win32
		{73248369-5C76-4152-90DD-56693FFBB38B}.Debug|Win32.ActiveCfg = Debug|Win32
		{73248369-5C76-4152-90DD-56693FFBB38B}.Debug|Win32.Build.0 = Debug|Win32
		{73248369-5C76-4152-90DD-56693FFBB38B}.Release|Win32.ActiveCfg = Release|Win32
		{73248369-5C76-4152-90DD-56693FFBB38B}.Release|Win32.Build.0 = Release|Win32
		{73248369-5C76-4152-90DD-56693FFBB38B}.Template|Win32.ActiveCfg = Template|Win32
		{73248369-5C76-4152-90DD-56693FFBB38B}.Template|Win32.Build.0 = Template|Win32
		{6816689C-7C31-463E-B566-A3E65CE57BDD}.Debug|Win32.ActiveCfg = Debug|Win32
		{6816689C-7C31-463E-B566-A3E65CE57BDD}.Debug|Win32.Build.0 = Debug|Win32
		{6816689C-7C31-463E-B566-A3E65CE57BDD}.Release|Win32.ActiveCfg = Release|Win32
		{6816689C-7C31-463E-B566-A3E65CE57BDD}.Release|Win32.Build.0 = Release|Win32
		{6816689C-7C31-463E-B566-A3E65CE57BDD}.Template|Win32.ActiveCfg = Template|Win32
		{6816689C-7C31-463E-B566-A3E65CE57BDD}.Template|Win32.Build.0 = Template|Win32
		{CD532A5E-EA3C-40DF-AA01-F644B762CF3E}.Debug|Win32.ActiveCfg = Debug|Win32
		{CD532A5E-EA3C-40DF-AA01-F644B762CF3E}.Debug|Win32.Build.0 = Debug|Win32
		{CD532A5E-EA3C-40DF-AA01-F644B762CF3E}.Release|Win32.ActiveCfg = Release|Win32
		{CD532A5E-EA3C-40DF-AA01-F644B762CF3E}.Release|Win32.Build.0 = Release|Win32
		{CD532A5E-EA3C-40DF-AA01-F644B762CF3E}.Template|Win32.ActiveCfg = Template|Win32
		{CD532A5E-EA3C-40DF-AA01-F644B762CF3E}.Template|Win32.Build.0 = Template|Win32
		{B78F5FB2-69D3-4C28-9662-13869082DDE5}.Debug|Win32.ActiveCfg = Debug|Win32
		{B78F5FB2-69D3-4C28-9662-13869082DDE5}.Debug|Win32.Build.0 = Debug|Win32
		{B78F5FB2-69D3-4C28-9662-13869082DDE5}.Release|Win32.ActiveCfg = Release|Win32
		{B78F5FB2-69D3-4C28-9662-13869082DDE5}.Release|Win32.Build.0 = Release|Win32
		{B78F5FB2-69D3-4C28-9662-13869082DDE5}.Template|Win32.ActiveCfg = Template|Win32
		{B78F5FB2-69D3-4C28-9662-13869082DDE5}.Template|Win32.Build.0 = Template|Win32
		{E6724D1D-4C55-45A9-8654-DD6ACDE69147}.Debug|Win32.ActiveCfg = Debug|Win32
		{E6724D1D-4C55-45A9-8654-DD6ACDE69147}.Debug|Win32.Build.0 = Debug|Win32
		{E6724D1D-4C55-45A9-8654-DD6ACDE69147}.Release|Win32.ActiveCfg = Release|Win32
		{E6724D1D-4C55-45A9-8654-DD6ACDE69147}.Release|Win32.Build.0 = Release|Win32
		{E6724D1D-4C55-45A9-8654-DD6ACDE69147}.Template|Win32.ActiveCfg = Template|Win32
		{E6724D1D-4C55-45A9-8654-DD6ACDE69147}.Template|Win32.Build.0 = Template|Win32
	EndGlobalSection
	GlobalSection(SolutionProperties) = preSolution
		HideSolutionNode = FALSE
	EndGlobalSection
EndGlobal
